// !$*UTF8*$!
{
	archiveVersion = 1;
	classes = {
	};
	objectVersion = 46;
	objects = {

/* Begin PBXBuildFile section */
		A746C51A1F27BF580027771F /* abc.swift in Sources */ = {isa = PBXBuildFile; fileRef = A746C5191F27BF580027771F /* abc.swift */; };
		A7F60C771F26DAB500D77C13 /* AppDelegate.swift in Sources */ = {isa = PBXBuildFile; fileRef = A7F60C761F26DAB500D77C13 /* AppDelegate.swift */; };
		A7F60C791F26DAB500D77C13 /* ViewController.swift in Sources */ = {isa = PBXBuildFile; fileRef = A7F60C781F26DAB500D77C13 /* ViewController.swift */; };
		A7F60C7C1F26DAB500D77C13 /* Main.storyboard in Resources */ = {isa = PBXBuildFile; fileRef = A7F60C7A1F26DAB500D77C13 /* Main.storyboard */; };
		A7F60C7E1F26DAB500D77C13 /* Assets.xcassets in Resources */ = {isa = PBXBuildFile; fileRef = A7F60C7D1F26DAB500D77C13 /* Assets.xcassets */; };
		A7F60C811F26DAB500D77C13 /* LaunchScreen.storyboard in Resources */ = {isa = PBXBuildFile; fileRef = A7F60C7F1F26DAB500D77C13 /* LaunchScreen.storyboard */; };
/* End PBXBuildFile section */

/* Begin PBXFileReference section */
		A746C5191F27BF580027771F /* abc.swift */ = {isa = PBXFileReference; fileEncoding = 4; lastKnownFileType = sourcecode.swift; path = abc.swift; sourceTree = "<group>"; };
		A7F60C731F26DAB500D77C13 /* SwiftbasicsfromUtube.app */ = {isa = PBXFileReference; explicitFileType = wrapper.application; includeInIndex = 0; path = SwiftbasicsfromUtube.app; sourceTree = BUILT_PRODUCTS_DIR; };
		A7F60C761F26DAB500D77C13 /* AppDelegate.swift */ = {isa = PBXFileReference; lastKnownFileType = sourcecode.swift; path = AppDelegate.swift; sourceTree = "<group>"; };
		A7F60C781F26DAB500D77C13 /* ViewController.swift */ = {isa = PBXFileReference; lastKnownFileType = sourcecode.swift; path = ViewController.swift; sourceTree = "<group>"; };
		A7F60C7B1F26DAB500D77C13 /* Base */ = {isa = PBXFileReference; lastKnownFileType = file.storyboard; name = Base; path = Base.lproj/Main.storyboard; sourceTree = "<group>"; };
		A7F60C7D1F26DAB500D77C13 /* Assets.xcassets */ = {isa = PBXFileReference; lastKnownFileType = folder.assetcatalog; path = Assets.xcassets; sourceTree = "<group>"; };
		A7F60C801F26DAB500D77C13 /* Base */ = {isa = PBXFileReference; lastKnownFileType = file.storyboard; name = Base; path = Base.lproj/LaunchScreen.storyboard; sourceTree = "<group>"; };
		A7F60C821F26DAB500D77C13 /* Info.plist */ = {isa = PBXFileReference; lastKnownFileType = text.plist.xml; path = Info.plist; sourceTree = "<group>"; };
/* End PBXFileReference section */

/* Begin PBXFrameworksBuildPhase section */
		A7F60C701F26DAB500D77C13 /* Frameworks */ = {
			isa = PBXFrameworksBuildPhase;
			buildActionMask = 2147483647;
			files = (
			);
			runOnlyForDeploymentPostprocessing = 0;
		};
/* End PBXFrameworksBuildPhase section */

/* Begin PBXGroup section */
		A7F60C6A1F26DAB500D77C13 = {
			isa = PBXGroup;
			children = (
				A7F60C751F26DAB500D77C13 /* SwiftbasicsfromUtube */,
				A7F60C741F26DAB500D77C13 /* Products */,
			);
			sourceTree = "<group>";
		};
		A7F60C741F26DAB500D77C13 /* Products */ = {
			isa = PBXGroup;
			children = (
				A7F60C731F26DAB500D77C13 /* SwiftbasicsfromUtube.app */,
			);
			name = Products;
			sourceTree = "<group>";
		};
		A7F60C751F26DAB500D77C13 /* SwiftbasicsfromUtube */ = {
			isa = PBXGroup;
			children = (
				A7F60C761F26DAB500D77C13 /* AppDelegate.swift */,
				A7F60C781F26DAB500D77C13 /* ViewController.swift */,
				A746C5191F27BF580027771F /* abc.swift */,
				A7F60C7A1F26DAB500D77C13 /* Main.storyboard */,
				A7F60C7D1F26DAB500D77C13 /* Assets.xcassets */,
				A7F60C7F1F26DAB500D77C13 /* LaunchScreen.storyboard */,
				A7F60C821F26DAB500D77C13 /* Info.plist */,
			);
			path = SwiftbasicsfromUtube;
			sourceTree = "<group>";
		};
/* End PBXGroup section */

/* Begin PBXNativeTarget section */
		A7F60C721F26DAB500D77C13 /* SwiftbasicsfromUtube */ = {
			isa = PBXNativeTarget;
			buildConfigurationList = A7F60C851F26DAB500D77C13 /* Build configuration list for PBXNativeTarget "SwiftbasicsfromUtube" */;
			buildPhases = (
				A7F60C6F1F26DAB500D77C13 /* Sources */,
				A7F60C701F26DAB500D77C13 /* Frameworks */,
				A7F60C711F26DAB500D77C13 /* Resources */,
			);
			buildRules = (
			);
			dependencies = (
			);
			name = SwiftbasicsfromUtube;
			productName = SwiftbasicsfromUtube;
			productReference = A7F60C731F26DAB500D77C13 /* SwiftbasicsfromUtube.app */;
			productType = "com.apple.product-type.application";
		};
/* End PBXNativeTarget section */

/* Begin PBXProject section */
		A7F60C6B1F26DAB500D77C13 /* Project object */ = {
			isa = PBXProject;
			attributes = {
				LastSwiftUpdateCheck = 0830;
				LastUpgradeCheck = 0830;
				ORGANIZATIONNAME = "Padma kumar";
				TargetAttributes = {
					A7F60C721F26DAB500D77C13 = {
						CreatedOnToolsVersion = 8.3.2;
						DevelopmentTeam = 3S7SA97273;
						ProvisioningStyle = Automatic;
					};
				};
			};
			buildConfigurationList = A7F60C6E1F26DAB500D77C13 /* Build configuration list for PBXProject "SwiftbasicsfromUtube" */;
			compatibilityVersion = "Xcode 3.2";
			developmentRegion = English;
			hasScannedForEncodings = 0;
			knownRegions = (
				en,
				Base,
			);
			mainGroup = A7F60C6A1F26DAB500D77C13;
			productRefGroup = A7F60C741F26DAB500D77C13 /* Products */;
			projectDirPath = "";
			projectRoot = "";
			targets = (
				A7F60C721F26DAB500D77C13 /* SwiftbasicsfromUtube */,
			);
		};
/* End PBXProject section */

/* Begin PBXResourcesBuildPhase section */
		A7F60C711F26DAB500D77C13 /* Resources */ = {
			isa = PBXResourcesBuildPhase;
			buildActionMask = 2147483647;
			files = (
				A7F60C811F26DAB500D77C13 /* LaunchScreen.storyboard in Resources */,
				A7F60C7E1F26DAB500D77C13 /* Assets.xcassets in Resources */,
				A7F60C7C1F26DAB500D77C13 /* Main.storyboard in Resources */,
			);
			runOnlyForDeploymentPostprocessing = 0;
		};
/* End PBXResourcesBuildPhase section */

/* Begin PBXSourcesBuildPhase section */
		A7F60C6F1F26DAB500D77C13 /* Sources */ = {
			isa = PBXSourcesBuildPhase;
			buildActionMask = 2147483647;
			files = (
				A7F60C791F26DAB500D77C13 /* ViewController.swift in Sources */,
				A7F60C771F26DAB500D77C13 /* AppDelegate.swift in Sources */,
				A746C51A1F27BF580027771F /* abc.swift in Sources */,
			);
			runOnlyForDeploymentPostprocessing = 0;
		};
/* End PBXSourcesBuildPhase section */

/* Begin PBXVariantGroup section */
		A7F60C7A1F26DAB500D77C13 /* Main.storyboard */ = {
			isa = PBXVariantGroup;
			children = (
				A7F60C7B1F26DAB500D77C13 /* Base */,
			);
			name = Main.storyboard;
			sourceTree = "<group>";
		};
		A7F60C7F1F26DAB500D77C13 /* LaunchScreen.storyboard */ = {
			isa = PBXVariantGroup;
			children = (
				A7F60C801F26DAB500D77C13 /* Base */,
			);
			name = LaunchScreen.storyboard;
			sourceTree = "<group>";
		};
/* End PBXVariantGroup section */

/* Begin XCBuildConfiguration section */
		A7F60C831F26DAB500D77C13 /* Debug */ = {
			isa = XCBuildConfiguration;
			buildSettings = {
				ALWAYS_SEARCH_USER_PATHS = NO;
				CLANG_ANALYZER_NONNULL = YES;
				CLANG_ANALYZER_NUMBER_OBJECT_CONVERSION = YES_AGGRESSIVE;
				CLANG_CXX_LANGUAGE_STANDARD = "gnu++0x";
				CLANG_CXX_LIBRARY = "libc++";
				CLANG_ENABLE_MODULES = YES;
				CLANG_ENABLE_OBJC_ARC = YES;
				CLANG_WARN_BOOL_CONVERSION = YES;
				CLANG_WARN_CONSTANT_CONVERSION = YES;
				CLANG_WARN_DIRECT_OBJC_ISA_USAGE = YES_ERROR;
				CLANG_WARN_DOCUMENTATION_COMMENTS = YES;
				CLANG_WARN_EMPTY_BODY = YES;
				CLANG_WARN_ENUM_CONVERSION = YES;
				CLANG_WARN_INFINITE_RECURSION = YES;
				CLANG_WARN_INT_CONVERSION = YES;
				CLANG_WARN_OBJC_ROOT_CLASS = YES_ERROR;
				CLANG_WARN_SUSPICIOUS_MOVE = YES;
				CLANG_WARN_UNREACHABLE_CODE = YES;
				CLANG_WARN__DUPLICATE_METHOD_MATCH = YES;
				"CODE_SIGN_IDENTITY[sdk=iphoneos*]" = "iPhone Developer";
				COPY_PHASE_STRIP = NO;
				DEBUG_INFORMATION_FORMAT = dwarf;
				ENABLE_STRICT_OBJC_MSGSEND = YES;
				ENABLE_TESTABILITY = YES;
				GCC_C_LANGUAGE_STANDARD = gnu99;
				GCC_DYNAMIC_NO_PIC = NO;
				GCC_NO_COMMON_BLOCKS = YES;
				GCC_OPTIMIZATION_LEVEL = 0;
				GCC_PREPROCESSOR_DEFINITIONS = (
					"DEBUG=1",
					"$(inherited)",
				);
				GCC_WARN_64_TO_32_BIT_CONVERSION = YES;
				GCC_WARN_ABOUT_RETURN_TYPE = YES_ERROR;
				GCC_WARN_UNDECLARED_SELECTOR = YES;
				GCC_WARN_UNINITIALIZED_AUTOS = YES_AGGRESSIVE;
				GCC_WARN_UNUSED_FUNCTION = YES;
				GCC_WARN_UNUSED_VARIABLE = YES;
				IPHONEOS_DEPLOYMENT_TARGET = 10.3;
				MTL_ENABLE_DEBUG_INFO = YES;
				ONLY_ACTIVE_ARCH = YES;
				SDKROOT = iphoneos;
				SWIFT_ACTIVE_COMPILATION_CONDITIONS = DEBUG;
				SWIFT_OPTIMIZATION_LEVEL = "-Onone";
				TARGETED_DEVICE_FAMILY = "1,2";
			};
			name = Debug;
		};
		A7F60C841F26DAB500D77C13 /* Release */ = {
			isa = XCBuildConfiguration;
			buildSettings = {
				ALWAYS_SEARCH_USER_PATHS = NO;
				CLANG_ANALYZER_NONNULL = YES;
				CLANG_ANALYZER_NUMBER_OBJECT_CONVERSION = YES_AGGRESSIVE;
				CLANG_CXX_LANGUAGE_STANDARD = "gnu++0x";
				CLANG_CXX_LIBRARY = "libc++";
				CLANG_ENABLE_MODULES = YES;
				CLANG_ENABLE_OBJC_ARC = YES;
				CLANG_WARN_BOOL_CONVERSION = YES;
				CLANG_WARN_CONSTANT_CONVERSION = YES;
				CLANG_WARN_DIRECT_OBJC_ISA_USAGE = YES_ERROR;
				CLANG_WARN_DOCUMENTATION_COMMENTS = YES;
				CLANG_WARN_EMPTY_BODY = YES;
				CLANG_WARN_ENUM_CONVERSION = YES;
				CLANG_WARN_INFINITE_RECURSION = YES;
				CLANG_WARN_INT_CONVERSION = YES;
				CLANG_WARN_OBJC_ROOT_CLASS = YES_ERROR;
				CLANG_WARN_SUSPICIOUS_MOVE = YES;
				CLANG_WARN_UNREACHABLE_CODE = YES;
				CLANG_WARN__DUPLICATE_METHOD_MATCH = YES;
				"CODE_SIGN_IDENTITY[sdk=iphoneos*]" = "iPhone Developer";
				COPY_PHASE_STRIP = NO;
				DEBUG_INFORMATION_FORMAT = "dwarf-with-dsym";
				ENABLE_NS_ASSERTIONS = NO;
				ENABLE_STRICT_OBJC_MSGSEND = YES;
				GCC_C_LANGUAGE_STANDARD = gnu99;
				GCC_NO_COMMON_BLOCKS = YES;
				GCC_WARN_64_TO_32_BIT_CONVERSION = YES;
				GCC_WARN_ABOUT_RETURN_TYPE = YES_ERROR;
				GCC_WARN_UNDECLARED_SELECTOR = YES;
				GCC_WARN_UNINITIALIZED_AUTOS = YES_AGGRESSIVE;
				GCC_WARN_UNUSED_FUNCTION = YES;
				GCC_WARN_UNUSED_VARIABLE = YES;
				IPHONEOS_DEPLOYMENT_TARGET = 10.3;
				MTL_ENABLE_DEBUG_INFO = NO;
				SDKROOT = iphoneos;
				SWIFT_OPTIMIZATION_LEVEL = "-Owholemodule";
				TARGETED_DEVICE_FAMILY = "1,2";
				VALIDATE_PRODUCT = YES;
			};
			name = Release;
		};
		A7F60C861F26DAB500D77C13 /* Debug */ = {
			isa = XCBuildConfiguration;
			buildSettings = {
				ASSETCATALOG_COMPILER_APPICON_NAME = AppIcon;
				DEVELOPMENT_TEAM = 3S7SA97273;
				INFOPLIST_FILE = SwiftbasicsfromUtube/Info.plist;
				LD_RUNPATH_SEARCH_PATHS = "$(inherited) @executable_path/Frameworks";
				PRODUCT_BUNDLE_IDENTIFIER = SmartWorks.SwiftbasicsfromUtube;
				PRODUCT_NAME = "$(TARGET_NAME)";
				SWIFT_VERSION = 3.0;
			};
			name = Debug;
		};
		A7F60C871F26DAB500D77C13 /* Release */ = {
			isa = XCBuildConfiguration;
			buildSettings = {
				ASSETCATALOG_COMPILER_APPICON_NAME = AppIcon;
				DEVELOPMENT_TEAM = 3S7SA97273;
				INFOPLIST_FILE = SwiftbasicsfromUtube/Info.plist;
				LD_RUNPATH_SEARCH_PATHS = "$(inherited) @executable_path/Frameworks";
				PRODUCT_BUNDLE_IDENTIFIER = SmartWorks.SwiftbasicsfromUtube;
				PRODUCT_NAME = "$(TARGET_NAME)";
				SWIFT_VERSION = 3.0;
			};
			name = Release;
		};
/* End XCBuildConfiguration section */

/* Begin XCConfigurationList section */
		A7F60C6E1F26DAB500D77C13 /* Build configuration list for PBXProject "SwiftbasicsfromUtube" */ = {
			isa = XCConfigurationList;
			buildConfigurations = (
				A7F60C831F26DAB500D77C13 /* Debug */,
				A7F60C841F26DAB500D77C13 /* Release */,
			);
			defaultConfigurationIsVisible = 0;
			defaultConfigurationName = Release;
		};
		A7F60C851F26DAB500D77C13 /* Build configuration list for PBXNativeTarget "SwiftbasicsfromUtube" */ = {
			isa = XCConfigurationList;
			buildConfigurations = (
				A7F60C861F26DAB500D77C13 /* Debug */,
				A7F60C871F26DAB500D77C13 /* Release */,
			);
			defaultConfigurationIsVisible = 0;
			defaultConfigurationName = Release;
		};
/* End XCConfigurationList section */
	};
	rootObject = A7F60C6B1F26DAB500D77C13 /* Project object */;
}
