// !$*UTF8*$!
{
	archiveVersion = 1;
	classes = {
	};
	objectVersion = 46;
	objects = {

/* Begin PBXBuildFile section */
		A725CC3C1F2EA8C300E04846 /* AppDelegate.swift in Sources */ = {isa = PBXBuildFile; fileRef = A725CC3B1F2EA8C300E04846 /* AppDelegate.swift */; };
		A725CC3E1F2EA8C300E04846 /* ViewController.swift in Sources */ = {isa = PBXBuildFile; fileRef = A725CC3D1F2EA8C300E04846 /* ViewController.swift */; };
		A725CC411F2EA8C300E04846 /* Main.storyboard in Resources */ = {isa = PBXBuildFile; fileRef = A725CC3F1F2EA8C300E04846 /* Main.storyboard */; };
		A725CC431F2EA8C300E04846 /* Assets.xcassets in Resources */ = {isa = PBXBuildFile; fileRef = A725CC421F2EA8C300E04846 /* Assets.xcassets */; };
		A725CC461F2EA8C300E04846 /* LaunchScreen.storyboard in Resources */ = {isa = PBXBuildFile; fileRef = A725CC441F2EA8C300E04846 /* LaunchScreen.storyboard */; };
/* End PBXBuildFile section */

/* Begin PBXFileReference section */
		A725CC381F2EA8C300E04846 /* WeatherAplication.app */ = {isa = PBXFileReference; explicitFileType = wrapper.application; includeInIndex = 0; path = WeatherAplication.app; sourceTree = BUILT_PRODUCTS_DIR; };
		A725CC3B1F2EA8C300E04846 /* AppDelegate.swift */ = {isa = PBXFileReference; lastKnownFileType = sourcecode.swift; path = AppDelegate.swift; sourceTree = "<group>"; };
		A725CC3D1F2EA8C300E04846 /* ViewController.swift */ = {isa = PBXFileReference; lastKnownFileType = sourcecode.swift; path = ViewController.swift; sourceTree = "<group>"; };
		A725CC401F2EA8C300E04846 /* Base */ = {isa = PBXFileReference; lastKnownFileType = file.storyboard; name = Base; path = Base.lproj/Main.storyboard; sourceTree = "<group>"; };
		A725CC421F2EA8C300E04846 /* Assets.xcassets */ = {isa = PBXFileReference; lastKnownFileType = folder.assetcatalog; path = Assets.xcassets; sourceTree = "<group>"; };
		A725CC451F2EA8C300E04846 /* Base */ = {isa = PBXFileReference; lastKnownFileType = file.storyboard; name = Base; path = Base.lproj/LaunchScreen.storyboard; sourceTree = "<group>"; };
		A725CC471F2EA8C300E04846 /* Info.plist */ = {isa = PBXFileReference; lastKnownFileType = text.plist.xml; path = Info.plist; sourceTree = "<group>"; };
/* End PBXFileReference section */

/* Begin PBXFrameworksBuildPhase section */
		A725CC351F2EA8C300E04846 /* Frameworks */ = {
			isa = PBXFrameworksBuildPhase;
			buildActionMask = 2147483647;
			files = (
			);
			runOnlyForDeploymentPostprocessing = 0;
		};
/* End PBXFrameworksBuildPhase section */

/* Begin PBXGroup section */
		A725CC2F1F2EA8C300E04846 = {
			isa = PBXGroup;
			children = (
				A725CC3A1F2EA8C300E04846 /* WeatherAplication */,
				A725CC391F2EA8C300E04846 /* Products */,
			);
			sourceTree = "<group>";
		};
		A725CC391F2EA8C300E04846 /* Products */ = {
			isa = PBXGroup;
			children = (
				A725CC381F2EA8C300E04846 /* WeatherAplication.app */,
			);
			name = Products;
			sourceTree = "<group>";
		};
		A725CC3A1F2EA8C300E04846 /* WeatherAplication */ = {
			isa = PBXGroup;
			children = (
				A725CC3B1F2EA8C300E04846 /* AppDelegate.swift */,
				A725CC3D1F2EA8C300E04846 /* ViewController.swift */,
				A725CC3F1F2EA8C300E04846 /* Main.storyboard */,
				A725CC421F2EA8C300E04846 /* Assets.xcassets */,
				A725CC441F2EA8C300E04846 /* LaunchScreen.storyboard */,
				A725CC471F2EA8C300E04846 /* Info.plist */,
			);
			path = WeatherAplication;
			sourceTree = "<group>";
		};
/* End PBXGroup section */

/* Begin PBXNativeTarget section */
		A725CC371F2EA8C300E04846 /* WeatherAplication */ = {
			isa = PBXNativeTarget;
			buildConfigurationList = A725CC4A1F2EA8C300E04846 /* Build configuration list for PBXNativeTarget "WeatherAplication" */;
			buildPhases = (
				A725CC341F2EA8C300E04846 /* Sources */,
				A725CC351F2EA8C300E04846 /* Frameworks */,
				A725CC361F2EA8C300E04846 /* Resources */,
			);
			buildRules = (
			);
			dependencies = (
			);
			name = WeatherAplication;
			productName = WeatherAplication;
			productReference = A725CC381F2EA8C300E04846 /* WeatherAplication.app */;
			productType = "com.apple.product-type.application";
		};
/* End PBXNativeTarget section */

/* Begin PBXProject section */
		A725CC301F2EA8C300E04846 /* Project object */ = {
			isa = PBXProject;
			attributes = {
				LastSwiftUpdateCheck = 0830;
				LastUpgradeCheck = 0830;
				ORGANIZATIONNAME = "Padma kumar";
				TargetAttributes = {
					A725CC371F2EA8C300E04846 = {
						CreatedOnToolsVersion = 8.3.2;
						DevelopmentTeam = 3S7SA97273;
						ProvisioningStyle = Automatic;
					};
				};
			};
			buildConfigurationList = A725CC331F2EA8C300E04846 /* Build configuration list for PBXProject "WeatherAplication" */;
			compatibilityVersion = "Xcode 3.2";
			developmentRegion = English;
			hasScannedForEncodings = 0;
			knownRegions = (
				en,
				Base,
			);
			mainGroup = A725CC2F1F2EA8C300E04846;
			productRefGroup = A725CC391F2EA8C300E04846 /* Products */;
			projectDirPath = "";
			projectRoot = "";
			targets = (
				A725CC371F2EA8C300E04846 /* WeatherAplication */,
			);
		};
/* End PBXProject section */

/* Begin PBXResourcesBuildPhase section */
		A725CC361F2EA8C300E04846 /* Resources */ = {
			isa = PBXResourcesBuildPhase;
			buildActionMask = 2147483647;
			files = (
				A725CC461F2EA8C300E04846 /* LaunchScreen.storyboard in Resources */,
				A725CC431F2EA8C300E04846 /* Assets.xcassets in Resources */,
				A725CC411F2EA8C300E04846 /* Main.storyboard in Resources */,
			);
			runOnlyForDeploymentPostprocessing = 0;
		};
/* End PBXResourcesBuildPhase section */

/* Begin PBXSourcesBuildPhase section */
		A725CC341F2EA8C300E04846 /* Sources */ = {
			isa = PBXSourcesBuildPhase;
			buildActionMask = 2147483647;
			files = (
				A725CC3E1F2EA8C300E04846 /* ViewController.swift in Sources */,
				A725CC3C1F2EA8C300E04846 /* AppDelegate.swift in Sources */,
			);
			runOnlyForDeploymentPostprocessing = 0;
		};
/* End PBXSourcesBuildPhase section */

/* Begin PBXVariantGroup section */
		A725CC3F1F2EA8C300E04846 /* Main.storyboard */ = {
			isa = PBXVariantGroup;
			children = (
				A725CC401F2EA8C300E04846 /* Base */,
			);
			name = Main.storyboard;
			sourceTree = "<group>";
		};
		A725CC441F2EA8C300E04846 /* LaunchScreen.storyboard */ = {
			isa = PBXVariantGroup;
			children = (
				A725CC451F2EA8C300E04846 /* Base */,
			);
			name = LaunchScreen.storyboard;
			sourceTree = "<group>";
		};
/* End PBXVariantGroup section */

/* Begin XCBuildConfiguration section */
		A725CC481F2EA8C300E04846 /* Debug */ = {
			isa = XCBuildConfiguration;
			buildSettings = {
				ALWAYS_SEARCH_USER_PATHS = NO;
				CLANG_ANALYZER_NONNULL = YES;
				CLANG_ANALYZER_NUMBER_OBJECT_CONVERSION = YES_AGGRESSIVE;
				CLANG_CXX_LANGUAGE_STANDARD = "gnu++0x";
				CLANG_CXX_LIBRARY = "libc++";
				CLANG_ENABLE_MODULES = YES;
				CLANG_ENABLE_OBJC_ARC = YES;
				CLANG_WARN_BOOL_CONVERSION = YES;
				CLANG_WARN_CONSTANT_CONVERSION = YES;
				CLANG_WARN_DIRECT_OBJC_ISA_USAGE = YES_ERROR;
				CLANG_WARN_DOCUMENTATION_COMMENTS = YES;
				CLANG_WARN_EMPTY_BODY = YES;
				CLANG_WARN_ENUM_CONVERSION = YES;
				CLANG_WARN_INFINITE_RECURSION = YES;
				CLANG_WARN_INT_CONVERSION = YES;
				CLANG_WARN_OBJC_ROOT_CLASS = YES_ERROR;
				CLANG_WARN_SUSPICIOUS_MOVE = YES;
				CLANG_WARN_UNREACHABLE_CODE = YES;
				CLANG_WARN__DUPLICATE_METHOD_MATCH = YES;
				"CODE_SIGN_IDENTITY[sdk=iphoneos*]" = "iPhone Developer";
				COPY_PHASE_STRIP = NO;
				DEBUG_INFORMATION_FORMAT = dwarf;
				ENABLE_STRICT_OBJC_MSGSEND = YES;
				ENABLE_TESTABILITY = YES;
				GCC_C_LANGUAGE_STANDARD = gnu99;
				GCC_DYNAMIC_NO_PIC = NO;
				GCC_NO_COMMON_BLOCKS = YES;
				GCC_OPTIMIZATION_LEVEL = 0;
				GCC_PREPROCESSOR_DEFINITIONS = (
					"DEBUG=1",
					"$(inherited)",
				);
				GCC_WARN_64_TO_32_BIT_CONVERSION = YES;
				GCC_WARN_ABOUT_RETURN_TYPE = YES_ERROR;
				GCC_WARN_UNDECLARED_SELECTOR = YES;
				GCC_WARN_UNINITIALIZED_AUTOS = YES_AGGRESSIVE;
				GCC_WARN_UNUSED_FUNCTION = YES;
				GCC_WARN_UNUSED_VARIABLE = YES;
				IPHONEOS_DEPLOYMENT_TARGET = 10.3;
				MTL_ENABLE_DEBUG_INFO = YES;
				ONLY_ACTIVE_ARCH = YES;
				SDKROOT = iphoneos;
				SWIFT_ACTIVE_COMPILATION_CONDITIONS = DEBUG;
				SWIFT_OPTIMIZATION_LEVEL = "-Onone";
				TARGETED_DEVICE_FAMILY = "1,2";
			};
			name = Debug;
		};
		A725CC491F2EA8C300E04846 /* Release */ = {
			isa = XCBuildConfiguration;
			buildSettings = {
				ALWAYS_SEARCH_USER_PATHS = NO;
				CLANG_ANALYZER_NONNULL = YES;
				CLANG_ANALYZER_NUMBER_OBJECT_CONVERSION = YES_AGGRESSIVE;
				CLANG_CXX_LANGUAGE_STANDARD = "gnu++0x";
				CLANG_CXX_LIBRARY = "libc++";
				CLANG_ENABLE_MODULES = YES;
				CLANG_ENABLE_OBJC_ARC = YES;
				CLANG_WARN_BOOL_CONVERSION = YES;
				CLANG_WARN_CONSTANT_CONVERSION = YES;
				CLANG_WARN_DIRECT_OBJC_ISA_USAGE = YES_ERROR;
				CLANG_WARN_DOCUMENTATION_COMMENTS = YES;
				CLANG_WARN_EMPTY_BODY = YES;
				CLANG_WARN_ENUM_CONVERSION = YES;
				CLANG_WARN_INFINITE_RECURSION = YES;
				CLANG_WARN_INT_CONVERSION = YES;
				CLANG_WARN_OBJC_ROOT_CLASS = YES_ERROR;
				CLANG_WARN_SUSPICIOUS_MOVE = YES;
				CLANG_WARN_UNREACHABLE_CODE = YES;
				CLANG_WARN__DUPLICATE_METHOD_MATCH = YES;
				"CODE_SIGN_IDENTITY[sdk=iphoneos*]" = "iPhone Developer";
				COPY_PHASE_STRIP = NO;
				DEBUG_INFORMATION_FORMAT = "dwarf-with-dsym";
				ENABLE_NS_ASSERTIONS = NO;
				ENABLE_STRICT_OBJC_MSGSEND = YES;
				GCC_C_LANGUAGE_STANDARD = gnu99;
				GCC_NO_COMMON_BLOCKS = YES;
				GCC_WARN_64_TO_32_BIT_CONVERSION = YES;
				GCC_WARN_ABOUT_RETURN_TYPE = YES_ERROR;
				GCC_WARN_UNDECLARED_SELECTOR = YES;
				GCC_WARN_UNINITIALIZED_AUTOS = YES_AGGRESSIVE;
				GCC_WARN_UNUSED_FUNCTION = YES;
				GCC_WARN_UNUSED_VARIABLE = YES;
				IPHONEOS_DEPLOYMENT_TARGET = 10.3;
				MTL_ENABLE_DEBUG_INFO = NO;
				SDKROOT = iphoneos;
				SWIFT_OPTIMIZATION_LEVEL = "-Owholemodule";
				TARGETED_DEVICE_FAMILY = "1,2";
				VALIDATE_PRODUCT = YES;
			};
			name = Release;
		};
		A725CC4B1F2EA8C300E04846 /* Debug */ = {
			isa = XCBuildConfiguration;
			buildSettings = {
				ASSETCATALOG_COMPILER_APPICON_NAME = AppIcon;
				DEVELOPMENT_TEAM = 3S7SA97273;
				INFOPLIST_FILE = WeatherAplication/Info.plist;
				LD_RUNPATH_SEARCH_PATHS = "$(inherited) @executable_path/Frameworks";
				PRODUCT_BUNDLE_IDENTIFIER = SmartWorks.WeatherAplication;
				PRODUCT_NAME = "$(TARGET_NAME)";
				SWIFT_VERSION = 3.0;
			};
			name = Debug;
		};
		A725CC4C1F2EA8C300E04846 /* Release */ = {
			isa = XCBuildConfiguration;
			buildSettings = {
				ASSETCATALOG_COMPILER_APPICON_NAME = AppIcon;
				DEVELOPMENT_TEAM = 3S7SA97273;
				INFOPLIST_FILE = WeatherAplication/Info.plist;
				LD_RUNPATH_SEARCH_PATHS = "$(inherited) @executable_path/Frameworks";
				PRODUCT_BUNDLE_IDENTIFIER = SmartWorks.WeatherAplication;
				PRODUCT_NAME = "$(TARGET_NAME)";
				SWIFT_VERSION = 3.0;
			};
			name = Release;
		};
/* End XCBuildConfiguration section */

/* Begin XCConfigurationList section */
		A725CC331F2EA8C300E04846 /* Build configuration list for PBXProject "WeatherAplication" */ = {
			isa = XCConfigurationList;
			buildConfigurations = (
				A725CC481F2EA8C300E04846 /* Debug */,
				A725CC491F2EA8C300E04846 /* Release */,
			);
			defaultConfigurationIsVisible = 0;
			defaultConfigurationName = Release;
		};
		A725CC4A1F2EA8C300E04846 /* Build configuration list for PBXNativeTarget "WeatherAplication" */ = {
			isa = XCConfigurationList;
			buildConfigurations = (
				A725CC4B1F2EA8C300E04846 /* Debug */,
				A725CC4C1F2EA8C300E04846 /* Release */,
			);
			defaultConfigurationIsVisible = 0;
		};
/* End XCConfigurationList section */
	};
	rootObject = A725CC301F2EA8C300E04846 /* Project object */;
}
