// !$*UTF8*$!
{
	archiveVersion = 1;
	classes = {
	};
	objectVersion = 46;
	objects = {

/* Begin PBXBuildFile section */
		A7BECED51F31071F00152D1F /* AppDelegate.swift in Sources */ = {isa = PBXBuildFile; fileRef = A7BECED41F31071F00152D1F /* AppDelegate.swift */; };
		A7BECED71F31071F00152D1F /* ViewController.swift in Sources */ = {isa = PBXBuildFile; fileRef = A7BECED61F31071F00152D1F /* ViewController.swift */; };
		A7BECEDA1F31071F00152D1F /* Main.storyboard in Resources */ = {isa = PBXBuildFile; fileRef = A7BECED81F31071F00152D1F /* Main.storyboard */; };
		A7BECEDC1F31071F00152D1F /* Assets.xcassets in Resources */ = {isa = PBXBuildFile; fileRef = A7BECEDB1F31071F00152D1F /* Assets.xcassets */; };
		A7BECEDF1F31071F00152D1F /* LaunchScreen.storyboard in Resources */ = {isa = PBXBuildFile; fileRef = A7BECEDD1F31071F00152D1F /* LaunchScreen.storyboard */; };
		A7BECEE71F3107B800152D1F /* GoogleService-Info.plist in Resources */ = {isa = PBXBuildFile; fileRef = A7BECEE61F3107B800152D1F /* GoogleService-Info.plist */; };
		A7FEBFF11F31105A00AE5E6F /* UserVC.swift in Sources */ = {isa = PBXBuildFile; fileRef = A7FEBFF01F31105A00AE5E6F /* UserVC.swift */; };
		A7FEBFF41F32724A00AE5E6F /* CircleImage.swift in Sources */ = {isa = PBXBuildFile; fileRef = A7FEBFF31F32724A00AE5E6F /* CircleImage.swift */; };
		A7FEBFF61F3273F400AE5E6F /* Circleview.swift in Sources */ = {isa = PBXBuildFile; fileRef = A7FEBFF51F3273F400AE5E6F /* Circleview.swift */; };
		A7FEBFF81F32753D00AE5E6F /* FeedVC.swift in Sources */ = {isa = PBXBuildFile; fileRef = A7FEBFF71F32753D00AE5E6F /* FeedVC.swift */; };
		A7FEBFFA1F3275F200AE5E6F /* Posts.swift in Sources */ = {isa = PBXBuildFile; fileRef = A7FEBFF91F3275F200AE5E6F /* Posts.swift */; };
		A7FEBFFC1F32907100AE5E6F /* postCell.swift in Sources */ = {isa = PBXBuildFile; fileRef = A7FEBFFB1F32907100AE5E6F /* postCell.swift */; };
		DA096888C97FBB935D491EB2 /* Pods_facebooklikeapp.framework in Frameworks */ = {isa = PBXBuildFile; fileRef = 0D439EBBA353E48876C97A88 /* Pods_facebooklikeapp.framework */; };
/* End PBXBuildFile section */

/* Begin PBXFileReference section */
		0D439EBBA353E48876C97A88 /* Pods_facebooklikeapp.framework */ = {isa = PBXFileReference; explicitFileType = wrapper.framework; includeInIndex = 0; path = Pods_facebooklikeapp.framework; sourceTree = BUILT_PRODUCTS_DIR; };
		99484E90168DA63C28CE33B8 /* Pods-facebooklikeapp.release.xcconfig */ = {isa = PBXFileReference; includeInIndex = 1; lastKnownFileType = text.xcconfig; name = "Pods-facebooklikeapp.release.xcconfig"; path = "Pods/Target Support Files/Pods-facebooklikeapp/Pods-facebooklikeapp.release.xcconfig"; sourceTree = "<group>"; };
		A7BECED11F31071F00152D1F /* facebooklikeapp.app */ = {isa = PBXFileReference; explicitFileType = wrapper.application; includeInIndex = 0; path = facebooklikeapp.app; sourceTree = BUILT_PRODUCTS_DIR; };
		A7BECED41F31071F00152D1F /* AppDelegate.swift */ = {isa = PBXFileReference; lastKnownFileType = sourcecode.swift; path = AppDelegate.swift; sourceTree = "<group>"; };
		A7BECED61F31071F00152D1F /* ViewController.swift */ = {isa = PBXFileReference; lastKnownFileType = sourcecode.swift; path = ViewController.swift; sourceTree = "<group>"; };
		A7BECED91F31071F00152D1F /* Base */ = {isa = PBXFileReference; lastKnownFileType = file.storyboard; name = Base; path = Base.lproj/Main.storyboard; sourceTree = "<group>"; };
		A7BECEDB1F31071F00152D1F /* Assets.xcassets */ = {isa = PBXFileReference; lastKnownFileType = folder.assetcatalog; path = Assets.xcassets; sourceTree = "<group>"; };
		A7BECEDE1F31071F00152D1F /* Base */ = {isa = PBXFileReference; lastKnownFileType = file.storyboard; name = Base; path = Base.lproj/LaunchScreen.storyboard; sourceTree = "<group>"; };
		A7BECEE01F31071F00152D1F /* Info.plist */ = {isa = PBXFileReference; lastKnownFileType = text.plist.xml; path = Info.plist; sourceTree = "<group>"; };
		A7BECEE61F3107B800152D1F /* GoogleService-Info.plist */ = {isa = PBXFileReference; fileEncoding = 4; lastKnownFileType = text.plist.xml; path = "GoogleService-Info.plist"; sourceTree = "<group>"; };
		A7FEBFF01F31105A00AE5E6F /* UserVC.swift */ = {isa = PBXFileReference; fileEncoding = 4; lastKnownFileType = sourcecode.swift; path = UserVC.swift; sourceTree = "<group>"; };
		A7FEBFF31F32724A00AE5E6F /* CircleImage.swift */ = {isa = PBXFileReference; fileEncoding = 4; lastKnownFileType = sourcecode.swift; path = CircleImage.swift; sourceTree = "<group>"; };
		A7FEBFF51F3273F400AE5E6F /* Circleview.swift */ = {isa = PBXFileReference; fileEncoding = 4; lastKnownFileType = sourcecode.swift; name = Circleview.swift; path = Assets.xcassets/Circleview.swift; sourceTree = "<group>"; };
		A7FEBFF71F32753D00AE5E6F /* FeedVC.swift */ = {isa = PBXFileReference; fileEncoding = 4; lastKnownFileType = sourcecode.swift; path = FeedVC.swift; sourceTree = "<group>"; };
		A7FEBFF91F3275F200AE5E6F /* Posts.swift */ = {isa = PBXFileReference; fileEncoding = 4; lastKnownFileType = sourcecode.swift; path = Posts.swift; sourceTree = "<group>"; };
		A7FEBFFB1F32907100AE5E6F /* postCell.swift */ = {isa = PBXFileReference; fileEncoding = 4; lastKnownFileType = sourcecode.swift; path = postCell.swift; sourceTree = "<group>"; };
		B506AC34DDEAC8F14AC9AD74 /* Pods-facebooklikeapp.debug.xcconfig */ = {isa = PBXFileReference; includeInIndex = 1; lastKnownFileType = text.xcconfig; name = "Pods-facebooklikeapp.debug.xcconfig"; path = "Pods/Target Support Files/Pods-facebooklikeapp/Pods-facebooklikeapp.debug.xcconfig"; sourceTree = "<group>"; };
/* End PBXFileReference section */

/* Begin PBXFrameworksBuildPhase section */
		A7BECECE1F31071F00152D1F /* Frameworks */ = {
			isa = PBXFrameworksBuildPhase;
			buildActionMask = 2147483647;
			files = (
				DA096888C97FBB935D491EB2 /* Pods_facebooklikeapp.framework in Frameworks */,
			);
			runOnlyForDeploymentPostprocessing = 0;
		};
/* End PBXFrameworksBuildPhase section */

/* Begin PBXGroup section */
		A075148C2177ADD8B2FE2485 /* Pods */ = {
			isa = PBXGroup;
			children = (
				B506AC34DDEAC8F14AC9AD74 /* Pods-facebooklikeapp.debug.xcconfig */,
				99484E90168DA63C28CE33B8 /* Pods-facebooklikeapp.release.xcconfig */,
			);
			name = Pods;
			sourceTree = "<group>";
		};
		A7BECEC81F31071F00152D1F = {
			isa = PBXGroup;
			children = (
				A7FEBFFB1F32907100AE5E6F /* postCell.swift */,
				A7FEBFF91F3275F200AE5E6F /* Posts.swift */,
				A7FEBFF71F32753D00AE5E6F /* FeedVC.swift */,
				A7BECED31F31071F00152D1F /* facebooklikeapp */,
				A7BECED21F31071F00152D1F /* Products */,
				A075148C2177ADD8B2FE2485 /* Pods */,
				BD74197C50E19B9A3D5E5D4E /* Frameworks */,
			);
			sourceTree = "<group>";
		};
		A7BECED21F31071F00152D1F /* Products */ = {
			isa = PBXGroup;
			children = (
				A7BECED11F31071F00152D1F /* facebooklikeapp.app */,
			);
			name = Products;
			sourceTree = "<group>";
		};
		A7BECED31F31071F00152D1F /* facebooklikeapp */ = {
			isa = PBXGroup;
			children = (
				A7FEBFF21F32721700AE5E6F /* Views */,
				A7BECED41F31071F00152D1F /* AppDelegate.swift */,
				A7BECED61F31071F00152D1F /* ViewController.swift */,
				A7FEBFF01F31105A00AE5E6F /* UserVC.swift */,
				A7BECED81F31071F00152D1F /* Main.storyboard */,
				A7BECEDB1F31071F00152D1F /* Assets.xcassets */,
				A7BECEDD1F31071F00152D1F /* LaunchScreen.storyboard */,
				A7BECEE61F3107B800152D1F /* GoogleService-Info.plist */,
				A7BECEE01F31071F00152D1F /* Info.plist */,
			);
			path = facebooklikeapp;
			sourceTree = "<group>";
		};
		A7FEBFF21F32721700AE5E6F /* Views */ = {
			isa = PBXGroup;
			children = (
				A7FEBFF31F32724A00AE5E6F /* CircleImage.swift */,
				A7FEBFF51F3273F400AE5E6F /* Circleview.swift */,
			);
			name = Views;
			sourceTree = "<group>";
		};
		BD74197C50E19B9A3D5E5D4E /* Frameworks */ = {
			isa = PBXGroup;
			children = (
				0D439EBBA353E48876C97A88 /* Pods_facebooklikeapp.framework */,
			);
			name = Frameworks;
			sourceTree = "<group>";
		};
/* End PBXGroup section */

/* Begin PBXNativeTarget section */
		A7BECED01F31071F00152D1F /* facebooklikeapp */ = {
			isa = PBXNativeTarget;
			buildConfigurationList = A7BECEE31F31071F00152D1F /* Build configuration list for PBXNativeTarget "facebooklikeapp" */;
			buildPhases = (
				4CD1A62366291A365DB991F7 /* [CP] Check Pods Manifest.lock */,
				A7BECECD1F31071F00152D1F /* Sources */,
				A7BECECE1F31071F00152D1F /* Frameworks */,
				A7BECECF1F31071F00152D1F /* Resources */,
				9BD278ECCC94B043D94CE6DD /* [CP] Embed Pods Frameworks */,
				5C684D253D89C80C7C9B4D18 /* [CP] Copy Pods Resources */,
			);
			buildRules = (
			);
			dependencies = (
			);
			name = facebooklikeapp;
			productName = facebooklikeapp;
			productReference = A7BECED11F31071F00152D1F /* facebooklikeapp.app */;
			productType = "com.apple.product-type.application";
		};
/* End PBXNativeTarget section */

/* Begin PBXProject section */
		A7BECEC91F31071F00152D1F /* Project object */ = {
			isa = PBXProject;
			attributes = {
				LastSwiftUpdateCheck = 0830;
				LastUpgradeCheck = 0830;
				ORGANIZATIONNAME = "Padma kumar";
				TargetAttributes = {
					A7BECED01F31071F00152D1F = {
						CreatedOnToolsVersion = 8.3.2;
						DevelopmentTeam = 3S7SA97273;
						ProvisioningStyle = Automatic;
					};
				};
			};
			buildConfigurationList = A7BECECC1F31071F00152D1F /* Build configuration list for PBXProject "facebooklikeapp" */;
			compatibilityVersion = "Xcode 3.2";
			developmentRegion = English;
			hasScannedForEncodings = 0;
			knownRegions = (
				en,
				Base,
			);
			mainGroup = A7BECEC81F31071F00152D1F;
			productRefGroup = A7BECED21F31071F00152D1F /* Products */;
			projectDirPath = "";
			projectRoot = "";
			targets = (
				A7BECED01F31071F00152D1F /* facebooklikeapp */,
			);
		};
/* End PBXProject section */

/* Begin PBXResourcesBuildPhase section */
		A7BECECF1F31071F00152D1F /* Resources */ = {
			isa = PBXResourcesBuildPhase;
			buildActionMask = 2147483647;
			files = (
				A7BECEDF1F31071F00152D1F /* LaunchScreen.storyboard in Resources */,
				A7BECEE71F3107B800152D1F /* GoogleService-Info.plist in Resources */,
				A7BECEDC1F31071F00152D1F /* Assets.xcassets in Resources */,
				A7BECEDA1F31071F00152D1F /* Main.storyboard in Resources */,
			);
			runOnlyForDeploymentPostprocessing = 0;
		};
/* End PBXResourcesBuildPhase section */

/* Begin PBXShellScriptBuildPhase section */
		4CD1A62366291A365DB991F7 /* [CP] Check Pods Manifest.lock */ = {
			isa = PBXShellScriptBuildPhase;
			buildActionMask = 2147483647;
			files = (
			);
			inputPaths = (
			);
			name = "[CP] Check Pods Manifest.lock";
			outputPaths = (
			);
			runOnlyForDeploymentPostprocessing = 0;
			shellPath = /bin/sh;
			shellScript = "diff \"${PODS_ROOT}/../Podfile.lock\" \"${PODS_ROOT}/Manifest.lock\" > /dev/null\nif [ $? != 0 ] ; then\n    # print error to STDERR\n    echo \"error: The sandbox is not in sync with the Podfile.lock. Run 'pod install' or update your CocoaPods installation.\" >&2\n    exit 1\nfi\n";
			showEnvVarsInLog = 0;
		};
		5C684D253D89C80C7C9B4D18 /* [CP] Copy Pods Resources */ = {
			isa = PBXShellScriptBuildPhase;
			buildActionMask = 2147483647;
			files = (
			);
			inputPaths = (
			);
			name = "[CP] Copy Pods Resources";
			outputPaths = (
			);
			runOnlyForDeploymentPostprocessing = 0;
			shellPath = /bin/sh;
			shellScript = "\"${SRCROOT}/Pods/Target Support Files/Pods-facebooklikeapp/Pods-facebooklikeapp-resources.sh\"\n";
			showEnvVarsInLog = 0;
		};
		9BD278ECCC94B043D94CE6DD /* [CP] Embed Pods Frameworks */ = {
			isa = PBXShellScriptBuildPhase;
			buildActionMask = 2147483647;
			files = (
			);
			inputPaths = (
			);
			name = "[CP] Embed Pods Frameworks";
			outputPaths = (
			);
			runOnlyForDeploymentPostprocessing = 0;
			shellPath = /bin/sh;
			shellScript = "\"${SRCROOT}/Pods/Target Support Files/Pods-facebooklikeapp/Pods-facebooklikeapp-frameworks.sh\"\n";
			showEnvVarsInLog = 0;
		};
/* End PBXShellScriptBuildPhase section */

/* Begin PBXSourcesBuildPhase section */
		A7BECECD1F31071F00152D1F /* Sources */ = {
			isa = PBXSourcesBuildPhase;
			buildActionMask = 2147483647;
			files = (
				A7FEBFF81F32753D00AE5E6F /* FeedVC.swift in Sources */,
				A7FEBFFA1F3275F200AE5E6F /* Posts.swift in Sources */,
				A7FEBFF61F3273F400AE5E6F /* Circleview.swift in Sources */,
				A7BECED71F31071F00152D1F /* ViewController.swift in Sources */,
				A7FEBFF41F32724A00AE5E6F /* CircleImage.swift in Sources */,
				A7FEBFF11F31105A00AE5E6F /* UserVC.swift in Sources */,
				A7BECED51F31071F00152D1F /* AppDelegate.swift in Sources */,
				A7FEBFFC1F32907100AE5E6F /* postCell.swift in Sources */,
			);
			runOnlyForDeploymentPostprocessing = 0;
		};
/* End PBXSourcesBuildPhase section */

/* Begin PBXVariantGroup section */
		A7BECED81F31071F00152D1F /* Main.storyboard */ = {
			isa = PBXVariantGroup;
			children = (
				A7BECED91F31071F00152D1F /* Base */,
			);
			name = Main.storyboard;
			sourceTree = "<group>";
		};
		A7BECEDD1F31071F00152D1F /* LaunchScreen.storyboard */ = {
			isa = PBXVariantGroup;
			children = (
				A7BECEDE1F31071F00152D1F /* Base */,
			);
			name = LaunchScreen.storyboard;
			sourceTree = "<group>";
		};
/* End PBXVariantGroup section */

/* Begin XCBuildConfiguration section */
		A7BECEE11F31071F00152D1F /* Debug */ = {
			isa = XCBuildConfiguration;
			buildSettings = {
				ALWAYS_SEARCH_USER_PATHS = NO;
				CLANG_ANALYZER_NONNULL = YES;
				CLANG_ANALYZER_NUMBER_OBJECT_CONVERSION = YES_AGGRESSIVE;
				CLANG_CXX_LANGUAGE_STANDARD = "gnu++0x";
				CLANG_CXX_LIBRARY = "libc++";
				CLANG_ENABLE_MODULES = YES;
				CLANG_ENABLE_OBJC_ARC = YES;
				CLANG_WARN_BOOL_CONVERSION = YES;
				CLANG_WARN_CONSTANT_CONVERSION = YES;
				CLANG_WARN_DIRECT_OBJC_ISA_USAGE = YES_ERROR;
				CLANG_WARN_DOCUMENTATION_COMMENTS = YES;
				CLANG_WARN_EMPTY_BODY = YES;
				CLANG_WARN_ENUM_CONVERSION = YES;
				CLANG_WARN_INFINITE_RECURSION = YES;
				CLANG_WARN_INT_CONVERSION = YES;
				CLANG_WARN_OBJC_ROOT_CLASS = YES_ERROR;
				CLANG_WARN_SUSPICIOUS_MOVE = YES;
				CLANG_WARN_UNREACHABLE_CODE = YES;
				CLANG_WARN__DUPLICATE_METHOD_MATCH = YES;
				"CODE_SIGN_IDENTITY[sdk=iphoneos*]" = "iPhone Developer";
				COPY_PHASE_STRIP = NO;
				DEBUG_INFORMATION_FORMAT = dwarf;
				ENABLE_STRICT_OBJC_MSGSEND = YES;
				ENABLE_TESTABILITY = YES;
				GCC_C_LANGUAGE_STANDARD = gnu99;
				GCC_DYNAMIC_NO_PIC = NO;
				GCC_NO_COMMON_BLOCKS = YES;
				GCC_OPTIMIZATION_LEVEL = 0;
				GCC_PREPROCESSOR_DEFINITIONS = (
					"DEBUG=1",
					"$(inherited)",
				);
				GCC_WARN_64_TO_32_BIT_CONVERSION = YES;
				GCC_WARN_ABOUT_RETURN_TYPE = YES_ERROR;
				GCC_WARN_UNDECLARED_SELECTOR = YES;
				GCC_WARN_UNINITIALIZED_AUTOS = YES_AGGRESSIVE;
				GCC_WARN_UNUSED_FUNCTION = YES;
				GCC_WARN_UNUSED_VARIABLE = YES;
				IPHONEOS_DEPLOYMENT_TARGET = 10.3;
				MTL_ENABLE_DEBUG_INFO = YES;
				ONLY_ACTIVE_ARCH = YES;
				SDKROOT = iphoneos;
				SWIFT_ACTIVE_COMPILATION_CONDITIONS = DEBUG;
				SWIFT_OPTIMIZATION_LEVEL = "-Onone";
				TARGETED_DEVICE_FAMILY = "1,2";
			};
			name = Debug;
		};
		A7BECEE21F31071F00152D1F /* Release */ = {
			isa = XCBuildConfiguration;
			buildSettings = {
				ALWAYS_SEARCH_USER_PATHS = NO;
				CLANG_ANALYZER_NONNULL = YES;
				CLANG_ANALYZER_NUMBER_OBJECT_CONVERSION = YES_AGGRESSIVE;
				CLANG_CXX_LANGUAGE_STANDARD = "gnu++0x";
				CLANG_CXX_LIBRARY = "libc++";
				CLANG_ENABLE_MODULES = YES;
				CLANG_ENABLE_OBJC_ARC = YES;
				CLANG_WARN_BOOL_CONVERSION = YES;
				CLANG_WARN_CONSTANT_CONVERSION = YES;
				CLANG_WARN_DIRECT_OBJC_ISA_USAGE = YES_ERROR;
				CLANG_WARN_DOCUMENTATION_COMMENTS = YES;
				CLANG_WARN_EMPTY_BODY = YES;
				CLANG_WARN_ENUM_CONVERSION = YES;
				CLANG_WARN_INFINITE_RECURSION = YES;
				CLANG_WARN_INT_CONVERSION = YES;
				CLANG_WARN_OBJC_ROOT_CLASS = YES_ERROR;
				CLANG_WARN_SUSPICIOUS_MOVE = YES;
				CLANG_WARN_UNREACHABLE_CODE = YES;
				CLANG_WARN__DUPLICATE_METHOD_MATCH = YES;
				"CODE_SIGN_IDENTITY[sdk=iphoneos*]" = "iPhone Developer";
				COPY_PHASE_STRIP = NO;
				DEBUG_INFORMATION_FORMAT = "dwarf-with-dsym";
				ENABLE_NS_ASSERTIONS = NO;
				ENABLE_STRICT_OBJC_MSGSEND = YES;
				GCC_C_LANGUAGE_STANDARD = gnu99;
				GCC_NO_COMMON_BLOCKS = YES;
				GCC_WARN_64_TO_32_BIT_CONVERSION = YES;
				GCC_WARN_ABOUT_RETURN_TYPE = YES_ERROR;
				GCC_WARN_UNDECLARED_SELECTOR = YES;
				GCC_WARN_UNINITIALIZED_AUTOS = YES_AGGRESSIVE;
				GCC_WARN_UNUSED_FUNCTION = YES;
				GCC_WARN_UNUSED_VARIABLE = YES;
				IPHONEOS_DEPLOYMENT_TARGET = 10.3;
				MTL_ENABLE_DEBUG_INFO = NO;
				SDKROOT = iphoneos;
				SWIFT_OPTIMIZATION_LEVEL = "-Owholemodule";
				TARGETED_DEVICE_FAMILY = "1,2";
				VALIDATE_PRODUCT = YES;
			};
			name = Release;
		};
		A7BECEE41F31071F00152D1F /* Debug */ = {
			isa = XCBuildConfiguration;
			baseConfigurationReference = B506AC34DDEAC8F14AC9AD74 /* Pods-facebooklikeapp.debug.xcconfig */;
			buildSettings = {
				ASSETCATALOG_COMPILER_APPICON_NAME = AppIcon;
				DEVELOPMENT_TEAM = 3S7SA97273;
				INFOPLIST_FILE = facebooklikeapp/Info.plist;
				LD_RUNPATH_SEARCH_PATHS = "$(inherited) @executable_path/Frameworks";
				PRODUCT_BUNDLE_IDENTIFIER = SmartWorks.facebooklikeapp;
				PRODUCT_NAME = "$(TARGET_NAME)";
				SWIFT_VERSION = 3.0;
			};
			name = Debug;
		};
		A7BECEE51F31071F00152D1F /* Release */ = {
			isa = XCBuildConfiguration;
			baseConfigurationReference = 99484E90168DA63C28CE33B8 /* Pods-facebooklikeapp.release.xcconfig */;
			buildSettings = {
				ASSETCATALOG_COMPILER_APPICON_NAME = AppIcon;
				DEVELOPMENT_TEAM = 3S7SA97273;
				INFOPLIST_FILE = facebooklikeapp/Info.plist;
				LD_RUNPATH_SEARCH_PATHS = "$(inherited) @executable_path/Frameworks";
				PRODUCT_BUNDLE_IDENTIFIER = SmartWorks.facebooklikeapp;
				PRODUCT_NAME = "$(TARGET_NAME)";
				SWIFT_VERSION = 3.0;
			};
			name = Release;
		};
/* End XCBuildConfiguration section */

/* Begin XCConfigurationList section */
		A7BECECC1F31071F00152D1F /* Build configuration list for PBXProject "facebooklikeapp" */ = {
			isa = XCConfigurationList;
			buildConfigurations = (
				A7BECEE11F31071F00152D1F /* Debug */,
				A7BECEE21F31071F00152D1F /* Release */,
			);
			defaultConfigurationIsVisible = 0;
			defaultConfigurationName = Release;
		};
		A7BECEE31F31071F00152D1F /* Build configuration list for PBXNativeTarget "facebooklikeapp" */ = {
			isa = XCConfigurationList;
			buildConfigurations = (
				A7BECEE41F31071F00152D1F /* Debug */,
				A7BECEE51F31071F00152D1F /* Release */,
			);
			defaultConfigurationIsVisible = 0;
			defaultConfigurationName = Release;
		};
/* End XCConfigurationList section */
	};
	rootObject = A7BECEC91F31071F00152D1F /* Project object */;
}
