// !$*UTF8*$!
{
	archiveVersion = 1;
	classes = {
	};
	objectVersion = 46;
	objects = {

/* Begin PBXBuildFile section */
		A73AA02F1EE5BBE9004A8B10 /* main.m in Sources */ = {isa = PBXBuildFile; fileRef = A73AA02E1EE5BBE9004A8B10 /* main.m */; };
		A73AA0321EE5BBE9004A8B10 /* AppDelegate.m in Sources */ = {isa = PBXBuildFile; fileRef = A73AA0311EE5BBE9004A8B10 /* AppDelegate.m */; };
		A73AA0351EE5BBE9004A8B10 /* ViewController.m in Sources */ = {isa = PBXBuildFile; fileRef = A73AA0341EE5BBE9004A8B10 /* ViewController.m */; };
		A73AA0381EE5BBE9004A8B10 /* Main.storyboard in Resources */ = {isa = PBXBuildFile; fileRef = A73AA0361EE5BBE9004A8B10 /* Main.storyboard */; };
		A73AA03A1EE5BBE9004A8B10 /* Assets.xcassets in Resources */ = {isa = PBXBuildFile; fileRef = A73AA0391EE5BBE9004A8B10 /* Assets.xcassets */; };
		A73AA03D1EE5BBE9004A8B10 /* LaunchScreen.storyboard in Resources */ = {isa = PBXBuildFile; fileRef = A73AA03B1EE5BBE9004A8B10 /* LaunchScreen.storyboard */; };
		A7F0856E1EE5F7E300408D54 /* a.jpg in Resources */ = {isa = PBXBuildFile; fileRef = A7F0856D1EE5F7E300408D54 /* a.jpg */; };
/* End PBXBuildFile section */

/* Begin PBXFileReference section */
		A73AA02A1EE5BBE9004A8B10 /* CoFFeeAPP.app */ = {isa = PBXFileReference; explicitFileType = wrapper.application; includeInIndex = 0; path = CoFFeeAPP.app; sourceTree = BUILT_PRODUCTS_DIR; };
		A73AA02E1EE5BBE9004A8B10 /* main.m */ = {isa = PBXFileReference; lastKnownFileType = sourcecode.c.objc; path = main.m; sourceTree = "<group>"; };
		A73AA0301EE5BBE9004A8B10 /* AppDelegate.h */ = {isa = PBXFileReference; lastKnownFileType = sourcecode.c.h; path = AppDelegate.h; sourceTree = "<group>"; };
		A73AA0311EE5BBE9004A8B10 /* AppDelegate.m */ = {isa = PBXFileReference; lastKnownFileType = sourcecode.c.objc; path = AppDelegate.m; sourceTree = "<group>"; };
		A73AA0331EE5BBE9004A8B10 /* ViewController.h */ = {isa = PBXFileReference; lastKnownFileType = sourcecode.c.h; path = ViewController.h; sourceTree = "<group>"; };
		A73AA0341EE5BBE9004A8B10 /* ViewController.m */ = {isa = PBXFileReference; lastKnownFileType = sourcecode.c.objc; path = ViewController.m; sourceTree = "<group>"; };
		A73AA0371EE5BBE9004A8B10 /* Base */ = {isa = PBXFileReference; lastKnownFileType = file.storyboard; name = Base; path = Base.lproj/Main.storyboard; sourceTree = "<group>"; };
		A73AA0391EE5BBE9004A8B10 /* Assets.xcassets */ = {isa = PBXFileReference; lastKnownFileType = folder.assetcatalog; path = Assets.xcassets; sourceTree = "<group>"; };
		A73AA03C1EE5BBE9004A8B10 /* Base */ = {isa = PBXFileReference; lastKnownFileType = file.storyboard; name = Base; path = Base.lproj/LaunchScreen.storyboard; sourceTree = "<group>"; };
		A73AA03E1EE5BBE9004A8B10 /* Info.plist */ = {isa = PBXFileReference; lastKnownFileType = text.plist.xml; path = Info.plist; sourceTree = "<group>"; };
		A7F0856D1EE5F7E300408D54 /* a.jpg */ = {isa = PBXFileReference; lastKnownFileType = image.jpeg; name = a.jpg; path = CoFFeeAPP/a.jpg; sourceTree = SOURCE_ROOT; };
/* End PBXFileReference section */

/* Begin PBXFrameworksBuildPhase section */
		A73AA0271EE5BBE9004A8B10 /* Frameworks */ = {
			isa = PBXFrameworksBuildPhase;
			buildActionMask = 2147483647;
			files = (
			);
			runOnlyForDeploymentPostprocessing = 0;
		};
/* End PBXFrameworksBuildPhase section */

/* Begin PBXGroup section */
		A73AA0211EE5BBE9004A8B10 = {
			isa = PBXGroup;
			children = (
				A73AA02C1EE5BBE9004A8B10 /* CoFFeeAPP */,
				A73AA02B1EE5BBE9004A8B10 /* Products */,
			);
			sourceTree = "<group>";
		};
		A73AA02B1EE5BBE9004A8B10 /* Products */ = {
			isa = PBXGroup;
			children = (
				A73AA02A1EE5BBE9004A8B10 /* CoFFeeAPP.app */,
			);
			name = Products;
			sourceTree = "<group>";
		};
		A73AA02C1EE5BBE9004A8B10 /* CoFFeeAPP */ = {
			isa = PBXGroup;
			children = (
				A73AA0301EE5BBE9004A8B10 /* AppDelegate.h */,
				A73AA0311EE5BBE9004A8B10 /* AppDelegate.m */,
				A73AA0331EE5BBE9004A8B10 /* ViewController.h */,
				A73AA0341EE5BBE9004A8B10 /* ViewController.m */,
				A73AA0361EE5BBE9004A8B10 /* Main.storyboard */,
				A73AA0391EE5BBE9004A8B10 /* Assets.xcassets */,
				A73AA03B1EE5BBE9004A8B10 /* LaunchScreen.storyboard */,
				A7F0856D1EE5F7E300408D54 /* a.jpg */,
				A73AA03E1EE5BBE9004A8B10 /* Info.plist */,
				A73AA02D1EE5BBE9004A8B10 /* Supporting Files */,
			);
			path = CoFFeeAPP;
			sourceTree = "<group>";
		};
		A73AA02D1EE5BBE9004A8B10 /* Supporting Files */ = {
			isa = PBXGroup;
			children = (
				A73AA02E1EE5BBE9004A8B10 /* main.m */,
			);
			name = "Supporting Files";
			sourceTree = "<group>";
		};
/* End PBXGroup section */

/* Begin PBXNativeTarget section */
		A73AA0291EE5BBE9004A8B10 /* CoFFeeAPP */ = {
			isa = PBXNativeTarget;
			buildConfigurationList = A73AA0411EE5BBE9004A8B10 /* Build configuration list for PBXNativeTarget "CoFFeeAPP" */;
			buildPhases = (
				A73AA0261EE5BBE9004A8B10 /* Sources */,
				A73AA0271EE5BBE9004A8B10 /* Frameworks */,
				A73AA0281EE5BBE9004A8B10 /* Resources */,
			);
			buildRules = (
			);
			dependencies = (
			);
			name = CoFFeeAPP;
			productName = CoFFeeAPP;
			productReference = A73AA02A1EE5BBE9004A8B10 /* CoFFeeAPP.app */;
			productType = "com.apple.product-type.application";
		};
/* End PBXNativeTarget section */

/* Begin PBXProject section */
		A73AA0221EE5BBE9004A8B10 /* Project object */ = {
			isa = PBXProject;
			attributes = {
				LastUpgradeCheck = 0830;
				ORGANIZATIONNAME = "Padma kumar";
				TargetAttributes = {
					A73AA0291EE5BBE9004A8B10 = {
						CreatedOnToolsVersion = 8.3.2;
						DevelopmentTeam = 3S7SA97273;
						ProvisioningStyle = Automatic;
					};
				};
			};
			buildConfigurationList = A73AA0251EE5BBE9004A8B10 /* Build configuration list for PBXProject "CoFFeeAPP" */;
			compatibilityVersion = "Xcode 3.2";
			developmentRegion = English;
			hasScannedForEncodings = 0;
			knownRegions = (
				en,
				Base,
			);
			mainGroup = A73AA0211EE5BBE9004A8B10;
			productRefGroup = A73AA02B1EE5BBE9004A8B10 /* Products */;
			projectDirPath = "";
			projectRoot = "";
			targets = (
				A73AA0291EE5BBE9004A8B10 /* CoFFeeAPP */,
			);
		};
/* End PBXProject section */

/* Begin PBXResourcesBuildPhase section */
		A73AA0281EE5BBE9004A8B10 /* Resources */ = {
			isa = PBXResourcesBuildPhase;
			buildActionMask = 2147483647;
			files = (
				A73AA03D1EE5BBE9004A8B10 /* LaunchScreen.storyboard in Resources */,
				A73AA03A1EE5BBE9004A8B10 /* Assets.xcassets in Resources */,
				A7F0856E1EE5F7E300408D54 /* a.jpg in Resources */,
				A73AA0381EE5BBE9004A8B10 /* Main.storyboard in Resources */,
			);
			runOnlyForDeploymentPostprocessing = 0;
		};
/* End PBXResourcesBuildPhase section */

/* Begin PBXSourcesBuildPhase section */
		A73AA0261EE5BBE9004A8B10 /* Sources */ = {
			isa = PBXSourcesBuildPhase;
			buildActionMask = 2147483647;
			files = (
				A73AA0351EE5BBE9004A8B10 /* ViewController.m in Sources */,
				A73AA0321EE5BBE9004A8B10 /* AppDelegate.m in Sources */,
				A73AA02F1EE5BBE9004A8B10 /* main.m in Sources */,
			);
			runOnlyForDeploymentPostprocessing = 0;
		};
/* End PBXSourcesBuildPhase section */

/* Begin PBXVariantGroup section */
		A73AA0361EE5BBE9004A8B10 /* Main.storyboard */ = {
			isa = PBXVariantGroup;
			children = (
				A73AA0371EE5BBE9004A8B10 /* Base */,
			);
			name = Main.storyboard;
			sourceTree = "<group>";
		};
		A73AA03B1EE5BBE9004A8B10 /* LaunchScreen.storyboard */ = {
			isa = PBXVariantGroup;
			children = (
				A73AA03C1EE5BBE9004A8B10 /* Base */,
			);
			name = LaunchScreen.storyboard;
			sourceTree = "<group>";
		};
/* End PBXVariantGroup section */

/* Begin XCBuildConfiguration section */
		A73AA03F1EE5BBE9004A8B10 /* Debug */ = {
			isa = XCBuildConfiguration;
			buildSettings = {
				ALWAYS_SEARCH_USER_PATHS = NO;
				CLANG_ANALYZER_NONNULL = YES;
				CLANG_ANALYZER_NUMBER_OBJECT_CONVERSION = YES_AGGRESSIVE;
				CLANG_CXX_LANGUAGE_STANDARD = "gnu++0x";
				CLANG_CXX_LIBRARY = "libc++";
				CLANG_ENABLE_MODULES = YES;
				CLANG_ENABLE_OBJC_ARC = YES;
				CLANG_WARN_BOOL_CONVERSION = YES;
				CLANG_WARN_CONSTANT_CONVERSION = YES;
				CLANG_WARN_DIRECT_OBJC_ISA_USAGE = YES_ERROR;
				CLANG_WARN_DOCUMENTATION_COMMENTS = YES;
				CLANG_WARN_EMPTY_BODY = YES;
				CLANG_WARN_ENUM_CONVERSION = YES;
				CLANG_WARN_INFINITE_RECURSION = YES;
				CLANG_WARN_INT_CONVERSION = YES;
				CLANG_WARN_OBJC_ROOT_CLASS = YES_ERROR;
				CLANG_WARN_SUSPICIOUS_MOVE = YES;
				CLANG_WARN_UNREACHABLE_CODE = YES;
				CLANG_WARN__DUPLICATE_METHOD_MATCH = YES;
				"CODE_SIGN_IDENTITY[sdk=iphoneos*]" = "iPhone Developer";
				COPY_PHASE_STRIP = NO;
				DEBUG_INFORMATION_FORMAT = dwarf;
				ENABLE_STRICT_OBJC_MSGSEND = YES;
				ENABLE_TESTABILITY = YES;
				GCC_C_LANGUAGE_STANDARD = gnu99;
				GCC_DYNAMIC_NO_PIC = NO;
				GCC_NO_COMMON_BLOCKS = YES;
				GCC_OPTIMIZATION_LEVEL = 0;
				GCC_PREPROCESSOR_DEFINITIONS = (
					"DEBUG=1",
					"$(inherited)",
				);
				GCC_WARN_64_TO_32_BIT_CONVERSION = YES;
				GCC_WARN_ABOUT_RETURN_TYPE = YES_ERROR;
				GCC_WARN_UNDECLARED_SELECTOR = YES;
				GCC_WARN_UNINITIALIZED_AUTOS = YES_AGGRESSIVE;
				GCC_WARN_UNUSED_FUNCTION = YES;
				GCC_WARN_UNUSED_VARIABLE = YES;
				IPHONEOS_DEPLOYMENT_TARGET = 10.3;
				MTL_ENABLE_DEBUG_INFO = YES;
				ONLY_ACTIVE_ARCH = YES;
				SDKROOT = iphoneos;
				TARGETED_DEVICE_FAMILY = "1,2";
			};
			name = Debug;
		};
		A73AA0401EE5BBE9004A8B10 /* Release */ = {
			isa = XCBuildConfiguration;
			buildSettings = {
				ALWAYS_SEARCH_USER_PATHS = NO;
				CLANG_ANALYZER_NONNULL = YES;
				CLANG_ANALYZER_NUMBER_OBJECT_CONVERSION = YES_AGGRESSIVE;
				CLANG_CXX_LANGUAGE_STANDARD = "gnu++0x";
				CLANG_CXX_LIBRARY = "libc++";
				CLANG_ENABLE_MODULES = YES;
				CLANG_ENABLE_OBJC_ARC = YES;
				CLANG_WARN_BOOL_CONVERSION = YES;
				CLANG_WARN_CONSTANT_CONVERSION = YES;
				CLANG_WARN_DIRECT_OBJC_ISA_USAGE = YES_ERROR;
				CLANG_WARN_DOCUMENTATION_COMMENTS = YES;
				CLANG_WARN_EMPTY_BODY = YES;
				CLANG_WARN_ENUM_CONVERSION = YES;
				CLANG_WARN_INFINITE_RECURSION = YES;
				CLANG_WARN_INT_CONVERSION = YES;
				CLANG_WARN_OBJC_ROOT_CLASS = YES_ERROR;
				CLANG_WARN_SUSPICIOUS_MOVE = YES;
				CLANG_WARN_UNREACHABLE_CODE = YES;
				CLANG_WARN__DUPLICATE_METHOD_MATCH = YES;
				"CODE_SIGN_IDENTITY[sdk=iphoneos*]" = "iPhone Developer";
				COPY_PHASE_STRIP = NO;
				DEBUG_INFORMATION_FORMAT = "dwarf-with-dsym";
				ENABLE_NS_ASSERTIONS = NO;
				ENABLE_STRICT_OBJC_MSGSEND = YES;
				GCC_C_LANGUAGE_STANDARD = gnu99;
				GCC_NO_COMMON_BLOCKS = YES;
				GCC_WARN_64_TO_32_BIT_CONVERSION = YES;
				GCC_WARN_ABOUT_RETURN_TYPE = YES_ERROR;
				GCC_WARN_UNDECLARED_SELECTOR = YES;
				GCC_WARN_UNINITIALIZED_AUTOS = YES_AGGRESSIVE;
				GCC_WARN_UNUSED_FUNCTION = YES;
				GCC_WARN_UNUSED_VARIABLE = YES;
				IPHONEOS_DEPLOYMENT_TARGET = 10.3;
				MTL_ENABLE_DEBUG_INFO = NO;
				SDKROOT = iphoneos;
				TARGETED_DEVICE_FAMILY = "1,2";
				VALIDATE_PRODUCT = YES;
			};
			name = Release;
		};
		A73AA0421EE5BBE9004A8B10 /* Debug */ = {
			isa = XCBuildConfiguration;
			buildSettings = {
				ASSETCATALOG_COMPILER_APPICON_NAME = AppIcon;
				DEVELOPMENT_TEAM = 3S7SA97273;
				INFOPLIST_FILE = CoFFeeAPP/Info.plist;
				LD_RUNPATH_SEARCH_PATHS = "$(inherited) @executable_path/Frameworks";
				PRODUCT_BUNDLE_IDENTIFIER = SmartWorks.CoFFeeAPP;
				PRODUCT_NAME = "$(TARGET_NAME)";
			};
			name = Debug;
		};
		A73AA0431EE5BBE9004A8B10 /* Release */ = {
			isa = XCBuildConfiguration;
			buildSettings = {
				ASSETCATALOG_COMPILER_APPICON_NAME = AppIcon;
				DEVELOPMENT_TEAM = 3S7SA97273;
				INFOPLIST_FILE = CoFFeeAPP/Info.plist;
				LD_RUNPATH_SEARCH_PATHS = "$(inherited) @executable_path/Frameworks";
				PRODUCT_BUNDLE_IDENTIFIER = SmartWorks.CoFFeeAPP;
				PRODUCT_NAME = "$(TARGET_NAME)";
			};
			name = Release;
		};
/* End XCBuildConfiguration section */

/* Begin XCConfigurationList section */
		A73AA0251EE5BBE9004A8B10 /* Build configuration list for PBXProject "CoFFeeAPP" */ = {
			isa = XCConfigurationList;
			buildConfigurations = (
				A73AA03F1EE5BBE9004A8B10 /* Debug */,
				A73AA0401EE5BBE9004A8B10 /* Release */,
			);
			defaultConfigurationIsVisible = 0;
			defaultConfigurationName = Release;
		};
		A73AA0411EE5BBE9004A8B10 /* Build configuration list for PBXNativeTarget "CoFFeeAPP" */ = {
			isa = XCConfigurationList;
			buildConfigurations = (
				A73AA0421EE5BBE9004A8B10 /* Debug */,
				A73AA0431EE5BBE9004A8B10 /* Release */,
			);
			defaultConfigurationIsVisible = 0;
			defaultConfigurationName = Release;
		};
/* End XCConfigurationList section */
	};
	rootObject = A73AA0221EE5BBE9004A8B10 /* Project object */;
}
